# This file is automatically @generated by Cargo.
# It is not intended for manual editing.
version = 4

[[package]]
name = "mat627_assignments"
version = "0.1.0"
dependencies = [
 "npy-writer",
]

[[package]]
name = "npy-writer"
version = "0.1.2"
source = "registry+https://github.com/rust-lang/crates.io-index"
checksum = "e77bb5eafa8ffb0031f9f9285c2a13ba59f22afd5df3c1ee74bbe87986aa30a3"
